// !$*UTF8*$!
{
	archiveVersion = 1;
	classes = {
	};
	objectVersion = 55;
	objects = {

/* Begin PBXBuildFile section */
		3F01383C27BB51B000982434 /* CategoryCollectionViewCell.swift in Sources */ = {isa = PBXBuildFile; fileRef = 3F01383B27BB51B000982434 /* CategoryCollectionViewCell.swift */; };
		3F2259DB279D041B00212176 /* NewReleaseCollectionViewCell.swift in Sources */ = {isa = PBXBuildFile; fileRef = 3F2259DA279D041B00212176 /* NewReleaseCollectionViewCell.swift */; };
		3F2259DD279D043500212176 /* FeaturedPlaylistCollectionViewCell.swift in Sources */ = {isa = PBXBuildFile; fileRef = 3F2259DC279D043500212176 /* FeaturedPlaylistCollectionViewCell.swift */; };
		3F2259DF279D045C00212176 /* RecommendedTrackCollectionViewCell.swift in Sources */ = {isa = PBXBuildFile; fileRef = 3F2259DE279D045C00212176 /* RecommendedTrackCollectionViewCell.swift */; };
		3F2DF71627DFB44800404F10 /* CategoriesResponse.swift in Sources */ = {isa = PBXBuildFile; fileRef = 3F2DF71527DFB44800404F10 /* CategoriesResponse.swift */; };
		3F2DF71827DFC5B000404F10 /* CategoryCollectionViewCellViewModel.swift in Sources */ = {isa = PBXBuildFile; fileRef = 3F2DF71727DFC5B000404F10 /* CategoryCollectionViewCellViewModel.swift */; };
		3F2DF71A27DFC8DC00404F10 /* CategoryViewController.swift in Sources */ = {isa = PBXBuildFile; fileRef = 3F2DF71927DFC8DC00404F10 /* CategoryViewController.swift */; };
		3F2DF71E27E0DDC700404F10 /* SearchResultsResponse.swift in Sources */ = {isa = PBXBuildFile; fileRef = 3F2DF71D27E0DDC700404F10 /* SearchResultsResponse.swift */; };
		3F2DF72027E0E17000404F10 /* SearchResult.swift in Sources */ = {isa = PBXBuildFile; fileRef = 3F2DF71F27E0E17000404F10 /* SearchResult.swift */; };
		3F2DF72227E1159F00404F10 /* SearchResultDefaultTableViewCell.swift in Sources */ = {isa = PBXBuildFile; fileRef = 3F2DF72127E1159F00404F10 /* SearchResultDefaultTableViewCell.swift */; };
		3F2DF72427E11B1000404F10 /* SearchResultDefaultTableViewCellViewModel.swift in Sources */ = {isa = PBXBuildFile; fileRef = 3F2DF72327E11B1000404F10 /* SearchResultDefaultTableViewCellViewModel.swift */; };
		3F2DF72627E1208900404F10 /* SearchResultSubtitleTableViewCell.swift in Sources */ = {isa = PBXBuildFile; fileRef = 3F2DF72527E1208900404F10 /* SearchResultSubtitleTableViewCell.swift */; };
		3F2DF72827E1231B00404F10 /* SearchResultSubtitleTableViewCellViewModel.swift in Sources */ = {isa = PBXBuildFile; fileRef = 3F2DF72727E1231B00404F10 /* SearchResultSubtitleTableViewCellViewModel.swift */; };
		3F2DF72A27E12F7100404F10 /* TitleHeaderCollectionReusableView.swift in Sources */ = {isa = PBXBuildFile; fileRef = 3F2DF72927E12F7100404F10 /* TitleHeaderCollectionReusableView.swift */; };
		3F2DF72C27E13B7F00404F10 /* AlbumTrackCollectionViewCell.swift in Sources */ = {isa = PBXBuildFile; fileRef = 3F2DF72B27E13B7F00404F10 /* AlbumTrackCollectionViewCell.swift */; };
		3F2DF72E27E13CDE00404F10 /* AlbumCollectionViewCellViewModel.swift in Sources */ = {isa = PBXBuildFile; fileRef = 3F2DF72D27E13CDE00404F10 /* AlbumCollectionViewCellViewModel.swift */; };
		3F3B6EE4279EE963002B900E /* NewReleasesCellViewModel.swift in Sources */ = {isa = PBXBuildFile; fileRef = 3F3B6EE3279EE962002B900E /* NewReleasesCellViewModel.swift */; };
		3F7D206E279BA2D500448E4B /* NewReleasesResponse.swift in Sources */ = {isa = PBXBuildFile; fileRef = 3F7D206D279BA2D500448E4B /* NewReleasesResponse.swift */; };
		3F7D2070279BA40A00448E4B /* APIImage.swift in Sources */ = {isa = PBXBuildFile; fileRef = 3F7D206F279BA40A00448E4B /* APIImage.swift */; };
		3F7D2072279BA9B500448E4B /* FeaturedPlayListResponse.swift in Sources */ = {isa = PBXBuildFile; fileRef = 3F7D2071279BA9B500448E4B /* FeaturedPlayListResponse.swift */; };
		3F7D2074279BB20B00448E4B /* RecommendedGenresResponse.swift in Sources */ = {isa = PBXBuildFile; fileRef = 3F7D2073279BB20B00448E4B /* RecommendedGenresResponse.swift */; };
		3F7D2076279BB6DA00448E4B /* RecommenationsResponse.swift in Sources */ = {isa = PBXBuildFile; fileRef = 3F7D2075279BB6DA00448E4B /* RecommenationsResponse.swift */; };
		3F7D2078279BB8DE00448E4B /* Album.swift in Sources */ = {isa = PBXBuildFile; fileRef = 3F7D2077279BB8DD00448E4B /* Album.swift */; };
		3F7D207A279BB8E800448E4B /* User.swift in Sources */ = {isa = PBXBuildFile; fileRef = 3F7D2079279BB8E800448E4B /* User.swift */; };
		3F92679B279639F000E9FD38 /* AppDelegate.swift in Sources */ = {isa = PBXBuildFile; fileRef = 3F92679A279639F000E9FD38 /* AppDelegate.swift */; };
		3F92679D279639F000E9FD38 /* SceneDelegate.swift in Sources */ = {isa = PBXBuildFile; fileRef = 3F92679C279639F000E9FD38 /* SceneDelegate.swift */; };
		3F92679F279639F000E9FD38 /* HomeViewController.swift in Sources */ = {isa = PBXBuildFile; fileRef = 3F92679E279639F000E9FD38 /* HomeViewController.swift */; };
		3F9267A4279639F200E9FD38 /* Assets.xcassets in Resources */ = {isa = PBXBuildFile; fileRef = 3F9267A3279639F200E9FD38 /* Assets.xcassets */; };
		3F9267A7279639F200E9FD38 /* LaunchScreen.storyboard in Resources */ = {isa = PBXBuildFile; fileRef = 3F9267A5279639F200E9FD38 /* LaunchScreen.storyboard */; };
		3F9267B527963F3100E9FD38 /* TabBarViewController.swift in Sources */ = {isa = PBXBuildFile; fileRef = 3F9267B427963F3100E9FD38 /* TabBarViewController.swift */; };
		3F9267B727963F7400E9FD38 /* SearchViewController.swift in Sources */ = {isa = PBXBuildFile; fileRef = 3F9267B627963F7400E9FD38 /* SearchViewController.swift */; };
		3F9267B927963F9C00E9FD38 /* LibraryViewController.swift in Sources */ = {isa = PBXBuildFile; fileRef = 3F9267B827963F9C00E9FD38 /* LibraryViewController.swift */; };
		3F9267BE27963FF000E9FD38 /* AuthViewController.swift in Sources */ = {isa = PBXBuildFile; fileRef = 3F9267BD27963FF000E9FD38 /* AuthViewController.swift */; };
		3F9267C027963FFA00E9FD38 /* WelcomeViewController.swift in Sources */ = {isa = PBXBuildFile; fileRef = 3F9267BF27963FFA00E9FD38 /* WelcomeViewController.swift */; };
		3F9267C22796400400E9FD38 /* SettingsViewController.swift in Sources */ = {isa = PBXBuildFile; fileRef = 3F9267C12796400400E9FD38 /* SettingsViewController.swift */; };
		3F9267C42796400E00E9FD38 /* ProfileViewController.swift in Sources */ = {isa = PBXBuildFile; fileRef = 3F9267C32796400E00E9FD38 /* ProfileViewController.swift */; };
		3F9267C62796401A00E9FD38 /* PlayerViewController.swift in Sources */ = {isa = PBXBuildFile; fileRef = 3F9267C52796401A00E9FD38 /* PlayerViewController.swift */; };
		3F9267C82796402800E9FD38 /* PlaylistViewController.swift in Sources */ = {isa = PBXBuildFile; fileRef = 3F9267C72796402800E9FD38 /* PlaylistViewController.swift */; };
		3F9267CC2796407700E9FD38 /* SearchResultsViewController.swift in Sources */ = {isa = PBXBuildFile; fileRef = 3F9267CB2796407700E9FD38 /* SearchResultsViewController.swift */; };
		3F9267CE279640C100E9FD38 /* AuthManager.swift in Sources */ = {isa = PBXBuildFile; fileRef = 3F9267CD279640C100E9FD38 /* AuthManager.swift */; };
		3F9267D0279640CB00E9FD38 /* APICaller.swift in Sources */ = {isa = PBXBuildFile; fileRef = 3F9267CF279640CB00E9FD38 /* APICaller.swift */; };
		3F9267D2279640D700E9FD38 /* HapiticsManager.swift in Sources */ = {isa = PBXBuildFile; fileRef = 3F9267D1279640D700E9FD38 /* HapiticsManager.swift */; };
		3F9267D42796412300E9FD38 /* Playlist.swift in Sources */ = {isa = PBXBuildFile; fileRef = 3F9267D32796412300E9FD38 /* Playlist.swift */; };
		3F9267D62796413600E9FD38 /* AudioTrack.swift in Sources */ = {isa = PBXBuildFile; fileRef = 3F9267D52796413600E9FD38 /* AudioTrack.swift */; };
		3F9267D82796413D00E9FD38 /* Artist.swift in Sources */ = {isa = PBXBuildFile; fileRef = 3F9267D72796413D00E9FD38 /* Artist.swift */; };
		3F9267DA2796414700E9FD38 /* UserProfile.swift in Sources */ = {isa = PBXBuildFile; fileRef = 3F9267D92796414700E9FD38 /* UserProfile.swift */; };
		3F99F0B827976DBA009824AF /* Extensions.swift in Sources */ = {isa = PBXBuildFile; fileRef = 3F99F0B727976DBA009824AF /* Extensions.swift */; };
		3F99F0BA27979D44009824AF /* AuthResponse.swift in Sources */ = {isa = PBXBuildFile; fileRef = 3F99F0B927979D44009824AF /* AuthResponse.swift */; };
		3FACF1AE2799B5B700CBD199 /* SettingsModel.swift in Sources */ = {isa = PBXBuildFile; fileRef = 3FACF1AD2799B5B700CBD199 /* SettingsModel.swift */; };
		3FB572E527ADA29D0059F51E /* PlaylistHeaderCollectionReusableView.swift in Sources */ = {isa = PBXBuildFile; fileRef = 3FB572E427ADA29C0059F51E /* PlaylistHeaderCollectionReusableView.swift */; };
		3FB572E727ADA8A60059F51E /* PlaylistHeaderViewViewModel.swift in Sources */ = {isa = PBXBuildFile; fileRef = 3FB572E627ADA8A60059F51E /* PlaylistHeaderViewViewModel.swift */; };
		3FBADEDB27AB6C03008082FA /* AlbumViewController.swift in Sources */ = {isa = PBXBuildFile; fileRef = 3FBADEDA27AB6C03008082FA /* AlbumViewController.swift */; };
		3FBADEDD27AB71B7008082FA /* AlbumDetailsResponse.swift in Sources */ = {isa = PBXBuildFile; fileRef = 3FBADEDC27AB71B7008082FA /* AlbumDetailsResponse.swift */; };
		3FBADEDF27AB7616008082FA /* PlaylistDetailsResponse.swift in Sources */ = {isa = PBXBuildFile; fileRef = 3FBADEDE27AB7616008082FA /* PlaylistDetailsResponse.swift */; };
		3FD5014927A2043E00A2A426 /* FeaturedPlaylistCellViewModel.swift in Sources */ = {isa = PBXBuildFile; fileRef = 3FD5014827A2043E00A2A426 /* FeaturedPlaylistCellViewModel.swift */; };
		3FD5014B27A204BC00A2A426 /* RecommendedTrackCellViewModel.swift in Sources */ = {isa = PBXBuildFile; fileRef = 3FD5014A27A204BC00A2A426 /* RecommendedTrackCellViewModel.swift */; };
		5B0297408539838AC1232A1A /* Pods_Spotify.framework in Frameworks */ = {isa = PBXBuildFile; fileRef = CA6677F8C90F4467E2530934 /* Pods_Spotify.framework */; };
/* End PBXBuildFile section */

/* Begin PBXFileReference section */
		3F01383B27BB51B000982434 /* CategoryCollectionViewCell.swift */ = {isa = PBXFileReference; lastKnownFileType = sourcecode.swift; path = CategoryCollectionViewCell.swift; sourceTree = "<group>"; };
		3F2259DA279D041B00212176 /* NewReleaseCollectionViewCell.swift */ = {isa = PBXFileReference; lastKnownFileType = sourcecode.swift; path = NewReleaseCollectionViewCell.swift; sourceTree = "<group>"; };
		3F2259DC279D043500212176 /* FeaturedPlaylistCollectionViewCell.swift */ = {isa = PBXFileReference; lastKnownFileType = sourcecode.swift; path = FeaturedPlaylistCollectionViewCell.swift; sourceTree = "<group>"; };
		3F2259DE279D045C00212176 /* RecommendedTrackCollectionViewCell.swift */ = {isa = PBXFileReference; lastKnownFileType = sourcecode.swift; path = RecommendedTrackCollectionViewCell.swift; sourceTree = "<group>"; };
		3F2DF71527DFB44800404F10 /* CategoriesResponse.swift */ = {isa = PBXFileReference; lastKnownFileType = sourcecode.swift; path = CategoriesResponse.swift; sourceTree = "<group>"; };
		3F2DF71727DFC5B000404F10 /* CategoryCollectionViewCellViewModel.swift */ = {isa = PBXFileReference; lastKnownFileType = sourcecode.swift; path = CategoryCollectionViewCellViewModel.swift; sourceTree = "<group>"; };
		3F2DF71927DFC8DC00404F10 /* CategoryViewController.swift */ = {isa = PBXFileReference; lastKnownFileType = sourcecode.swift; path = CategoryViewController.swift; sourceTree = "<group>"; };
		3F2DF71D27E0DDC700404F10 /* SearchResultsResponse.swift */ = {isa = PBXFileReference; lastKnownFileType = sourcecode.swift; path = SearchResultsResponse.swift; sourceTree = "<group>"; };
		3F2DF71F27E0E17000404F10 /* SearchResult.swift */ = {isa = PBXFileReference; lastKnownFileType = sourcecode.swift; path = SearchResult.swift; sourceTree = "<group>"; };
		3F2DF72127E1159F00404F10 /* SearchResultDefaultTableViewCell.swift */ = {isa = PBXFileReference; lastKnownFileType = sourcecode.swift; path = SearchResultDefaultTableViewCell.swift; sourceTree = "<group>"; };
		3F2DF72327E11B1000404F10 /* SearchResultDefaultTableViewCellViewModel.swift */ = {isa = PBXFileReference; lastKnownFileType = sourcecode.swift; path = SearchResultDefaultTableViewCellViewModel.swift; sourceTree = "<group>"; };
		3F2DF72527E1208900404F10 /* SearchResultSubtitleTableViewCell.swift */ = {isa = PBXFileReference; lastKnownFileType = sourcecode.swift; path = SearchResultSubtitleTableViewCell.swift; sourceTree = "<group>"; };
		3F2DF72727E1231B00404F10 /* SearchResultSubtitleTableViewCellViewModel.swift */ = {isa = PBXFileReference; lastKnownFileType = sourcecode.swift; path = SearchResultSubtitleTableViewCellViewModel.swift; sourceTree = "<group>"; };
		3F2DF72927E12F7100404F10 /* TitleHeaderCollectionReusableView.swift */ = {isa = PBXFileReference; lastKnownFileType = sourcecode.swift; path = TitleHeaderCollectionReusableView.swift; sourceTree = "<group>"; };
		3F2DF72B27E13B7F00404F10 /* AlbumTrackCollectionViewCell.swift */ = {isa = PBXFileReference; lastKnownFileType = sourcecode.swift; path = AlbumTrackCollectionViewCell.swift; sourceTree = "<group>"; };
		3F2DF72D27E13CDE00404F10 /* AlbumCollectionViewCellViewModel.swift */ = {isa = PBXFileReference; lastKnownFileType = sourcecode.swift; path = AlbumCollectionViewCellViewModel.swift; sourceTree = "<group>"; };
		3F3B6EE3279EE962002B900E /* NewReleasesCellViewModel.swift */ = {isa = PBXFileReference; lastKnownFileType = sourcecode.swift; path = NewReleasesCellViewModel.swift; sourceTree = "<group>"; };
		3F7D206D279BA2D500448E4B /* NewReleasesResponse.swift */ = {isa = PBXFileReference; lastKnownFileType = sourcecode.swift; path = NewReleasesResponse.swift; sourceTree = "<group>"; };
		3F7D206F279BA40A00448E4B /* APIImage.swift */ = {isa = PBXFileReference; lastKnownFileType = sourcecode.swift; path = APIImage.swift; sourceTree = "<group>"; };
		3F7D2071279BA9B500448E4B /* FeaturedPlayListResponse.swift */ = {isa = PBXFileReference; lastKnownFileType = sourcecode.swift; path = FeaturedPlayListResponse.swift; sourceTree = "<group>"; };
		3F7D2073279BB20B00448E4B /* RecommendedGenresResponse.swift */ = {isa = PBXFileReference; lastKnownFileType = sourcecode.swift; path = RecommendedGenresResponse.swift; sourceTree = "<group>"; };
		3F7D2075279BB6DA00448E4B /* RecommenationsResponse.swift */ = {isa = PBXFileReference; lastKnownFileType = sourcecode.swift; path = RecommenationsResponse.swift; sourceTree = "<group>"; };
		3F7D2077279BB8DD00448E4B /* Album.swift */ = {isa = PBXFileReference; lastKnownFileType = sourcecode.swift; path = Album.swift; sourceTree = "<group>"; };
		3F7D2079279BB8E800448E4B /* User.swift */ = {isa = PBXFileReference; lastKnownFileType = sourcecode.swift; path = User.swift; sourceTree = "<group>"; };
		3F926797279639F000E9FD38 /* Spotify.app */ = {isa = PBXFileReference; explicitFileType = wrapper.application; includeInIndex = 0; path = Spotify.app; sourceTree = BUILT_PRODUCTS_DIR; };
		3F92679A279639F000E9FD38 /* AppDelegate.swift */ = {isa = PBXFileReference; lastKnownFileType = sourcecode.swift; path = AppDelegate.swift; sourceTree = "<group>"; };
		3F92679C279639F000E9FD38 /* SceneDelegate.swift */ = {isa = PBXFileReference; lastKnownFileType = sourcecode.swift; path = SceneDelegate.swift; sourceTree = "<group>"; };
		3F92679E279639F000E9FD38 /* HomeViewController.swift */ = {isa = PBXFileReference; lastKnownFileType = sourcecode.swift; path = HomeViewController.swift; sourceTree = "<group>"; };
		3F9267A3279639F200E9FD38 /* Assets.xcassets */ = {isa = PBXFileReference; lastKnownFileType = folder.assetcatalog; path = Assets.xcassets; sourceTree = "<group>"; };
		3F9267A6279639F200E9FD38 /* Base */ = {isa = PBXFileReference; lastKnownFileType = file.storyboard; name = Base; path = Base.lproj/LaunchScreen.storyboard; sourceTree = "<group>"; };
		3F9267A8279639F200E9FD38 /* Info.plist */ = {isa = PBXFileReference; lastKnownFileType = text.plist.xml; path = Info.plist; sourceTree = "<group>"; };
		3F9267B427963F3100E9FD38 /* TabBarViewController.swift */ = {isa = PBXFileReference; lastKnownFileType = sourcecode.swift; path = TabBarViewController.swift; sourceTree = "<group>"; };
		3F9267B627963F7400E9FD38 /* SearchViewController.swift */ = {isa = PBXFileReference; lastKnownFileType = sourcecode.swift; path = SearchViewController.swift; sourceTree = "<group>"; };
		3F9267B827963F9C00E9FD38 /* LibraryViewController.swift */ = {isa = PBXFileReference; lastKnownFileType = sourcecode.swift; path = LibraryViewController.swift; sourceTree = "<group>"; };
		3F9267BD27963FF000E9FD38 /* AuthViewController.swift */ = {isa = PBXFileReference; lastKnownFileType = sourcecode.swift; path = AuthViewController.swift; sourceTree = "<group>"; };
		3F9267BF27963FFA00E9FD38 /* WelcomeViewController.swift */ = {isa = PBXFileReference; lastKnownFileType = sourcecode.swift; path = WelcomeViewController.swift; sourceTree = "<group>"; };
		3F9267C12796400400E9FD38 /* SettingsViewController.swift */ = {isa = PBXFileReference; lastKnownFileType = sourcecode.swift; path = SettingsViewController.swift; sourceTree = "<group>"; };
		3F9267C32796400E00E9FD38 /* ProfileViewController.swift */ = {isa = PBXFileReference; lastKnownFileType = sourcecode.swift; path = ProfileViewController.swift; sourceTree = "<group>"; };
		3F9267C52796401A00E9FD38 /* PlayerViewController.swift */ = {isa = PBXFileReference; lastKnownFileType = sourcecode.swift; path = PlayerViewController.swift; sourceTree = "<group>"; };
		3F9267C72796402800E9FD38 /* PlaylistViewController.swift */ = {isa = PBXFileReference; lastKnownFileType = sourcecode.swift; path = PlaylistViewController.swift; sourceTree = "<group>"; };
		3F9267CB2796407700E9FD38 /* SearchResultsViewController.swift */ = {isa = PBXFileReference; lastKnownFileType = sourcecode.swift; path = SearchResultsViewController.swift; sourceTree = "<group>"; };
		3F9267CD279640C100E9FD38 /* AuthManager.swift */ = {isa = PBXFileReference; lastKnownFileType = sourcecode.swift; path = AuthManager.swift; sourceTree = "<group>"; };
		3F9267CF279640CB00E9FD38 /* APICaller.swift */ = {isa = PBXFileReference; lastKnownFileType = sourcecode.swift; path = APICaller.swift; sourceTree = "<group>"; };
		3F9267D1279640D700E9FD38 /* HapiticsManager.swift */ = {isa = PBXFileReference; lastKnownFileType = sourcecode.swift; path = HapiticsManager.swift; sourceTree = "<group>"; };
		3F9267D32796412300E9FD38 /* Playlist.swift */ = {isa = PBXFileReference; lastKnownFileType = sourcecode.swift; path = Playlist.swift; sourceTree = "<group>"; };
		3F9267D52796413600E9FD38 /* AudioTrack.swift */ = {isa = PBXFileReference; lastKnownFileType = sourcecode.swift; path = AudioTrack.swift; sourceTree = "<group>"; };
		3F9267D72796413D00E9FD38 /* Artist.swift */ = {isa = PBXFileReference; lastKnownFileType = sourcecode.swift; path = Artist.swift; sourceTree = "<group>"; };
		3F9267D92796414700E9FD38 /* UserProfile.swift */ = {isa = PBXFileReference; lastKnownFileType = sourcecode.swift; path = UserProfile.swift; sourceTree = "<group>"; };
		3F99F0B727976DBA009824AF /* Extensions.swift */ = {isa = PBXFileReference; lastKnownFileType = sourcecode.swift; path = Extensions.swift; sourceTree = "<group>"; };
		3F99F0B927979D44009824AF /* AuthResponse.swift */ = {isa = PBXFileReference; lastKnownFileType = sourcecode.swift; path = AuthResponse.swift; sourceTree = "<group>"; };
		3FACF1AD2799B5B700CBD199 /* SettingsModel.swift */ = {isa = PBXFileReference; lastKnownFileType = sourcecode.swift; path = SettingsModel.swift; sourceTree = "<group>"; };
		3FB572E427ADA29C0059F51E /* PlaylistHeaderCollectionReusableView.swift */ = {isa = PBXFileReference; lastKnownFileType = sourcecode.swift; path = PlaylistHeaderCollectionReusableView.swift; sourceTree = "<group>"; };
		3FB572E627ADA8A60059F51E /* PlaylistHeaderViewViewModel.swift */ = {isa = PBXFileReference; lastKnownFileType = sourcecode.swift; path = PlaylistHeaderViewViewModel.swift; sourceTree = "<group>"; };
		3FBADEDA27AB6C03008082FA /* AlbumViewController.swift */ = {isa = PBXFileReference; lastKnownFileType = sourcecode.swift; path = AlbumViewController.swift; sourceTree = "<group>"; };
		3FBADEDC27AB71B7008082FA /* AlbumDetailsResponse.swift */ = {isa = PBXFileReference; lastKnownFileType = sourcecode.swift; path = AlbumDetailsResponse.swift; sourceTree = "<group>"; };
		3FBADEDE27AB7616008082FA /* PlaylistDetailsResponse.swift */ = {isa = PBXFileReference; lastKnownFileType = sourcecode.swift; path = PlaylistDetailsResponse.swift; sourceTree = "<group>"; };
		3FD5014827A2043E00A2A426 /* FeaturedPlaylistCellViewModel.swift */ = {isa = PBXFileReference; lastKnownFileType = sourcecode.swift; path = FeaturedPlaylistCellViewModel.swift; sourceTree = "<group>"; };
		3FD5014A27A204BC00A2A426 /* RecommendedTrackCellViewModel.swift */ = {isa = PBXFileReference; lastKnownFileType = sourcecode.swift; path = RecommendedTrackCellViewModel.swift; sourceTree = "<group>"; };
		4159A4875775D1DE2F6001FA /* Pods-Spotify.release.xcconfig */ = {isa = PBXFileReference; includeInIndex = 1; lastKnownFileType = text.xcconfig; name = "Pods-Spotify.release.xcconfig"; path = "Target Support Files/Pods-Spotify/Pods-Spotify.release.xcconfig"; sourceTree = "<group>"; };
		CA6677F8C90F4467E2530934 /* Pods_Spotify.framework */ = {isa = PBXFileReference; explicitFileType = wrapper.framework; includeInIndex = 0; path = Pods_Spotify.framework; sourceTree = BUILT_PRODUCTS_DIR; };
		F3FCE7B5AC913D88B5B4ABF8 /* Pods-Spotify.debug.xcconfig */ = {isa = PBXFileReference; includeInIndex = 1; lastKnownFileType = text.xcconfig; name = "Pods-Spotify.debug.xcconfig"; path = "Target Support Files/Pods-Spotify/Pods-Spotify.debug.xcconfig"; sourceTree = "<group>"; };
/* End PBXFileReference section */

/* Begin PBXFrameworksBuildPhase section */
		3F926794279639F000E9FD38 /* Frameworks */ = {
			isa = PBXFrameworksBuildPhase;
			buildActionMask = 2147483647;
			files = (
				5B0297408539838AC1232A1A /* Pods_Spotify.framework in Frameworks */,
			);
			runOnlyForDeploymentPostprocessing = 0;
		};
/* End PBXFrameworksBuildPhase section */

/* Begin PBXGroup section */
		1861A3B944D11AC72680CDE3 /* Frameworks */ = {
			isa = PBXGroup;
			children = (
				CA6677F8C90F4467E2530934 /* Pods_Spotify.framework */,
			);
			name = Frameworks;
			sourceTree = "<group>";
		};
		3F92678E279639F000E9FD38 = {
			isa = PBXGroup;
			children = (
				3F926799279639F000E9FD38 /* Spotify */,
				3F926798279639F000E9FD38 /* Products */,
				A42E36E5E8DE2DC626B6D1C4 /* Pods */,
				1861A3B944D11AC72680CDE3 /* Frameworks */,
			);
			sourceTree = "<group>";
		};
		3F926798279639F000E9FD38 /* Products */ = {
			isa = PBXGroup;
			children = (
				3F926797279639F000E9FD38 /* Spotify.app */,
			);
			name = Products;
			sourceTree = "<group>";
		};
		3F926799279639F000E9FD38 /* Spotify */ = {
			isa = PBXGroup;
			children = (
				3F9267B327963C9C00E9FD38 /* Resource */,
				3F9267B227963C8D00E9FD38 /* Managers */,
				3F9267B127963C8400E9FD38 /* Controller */,
				3F9267B027963C7900E9FD38 /* ViewModel */,
				3F9267AF27963C7400E9FD38 /* Model */,
				3F9267AE27963C6E00E9FD38 /* View */,
				3F9267A8279639F200E9FD38 /* Info.plist */,
			);
			path = Spotify;
			sourceTree = "<group>";
		};
		3F9267AE27963C6E00E9FD38 /* View */ = {
			isa = PBXGroup;
			children = (
				3F9267A5279639F200E9FD38 /* LaunchScreen.storyboard */,
				3F2259DA279D041B00212176 /* NewReleaseCollectionViewCell.swift */,
				3F2259DC279D043500212176 /* FeaturedPlaylistCollectionViewCell.swift */,
				3F2259DE279D045C00212176 /* RecommendedTrackCollectionViewCell.swift */,
				3F2DF72B27E13B7F00404F10 /* AlbumTrackCollectionViewCell.swift */,
				3FB572E427ADA29C0059F51E /* PlaylistHeaderCollectionReusableView.swift */,
				3F2DF72927E12F7100404F10 /* TitleHeaderCollectionReusableView.swift */,
				3F01383B27BB51B000982434 /* CategoryCollectionViewCell.swift */,
				3F2DF72127E1159F00404F10 /* SearchResultDefaultTableViewCell.swift */,
				3F2DF72527E1208900404F10 /* SearchResultSubtitleTableViewCell.swift */,
			);
			path = View;
			sourceTree = "<group>";
		};
		3F9267AF27963C7400E9FD38 /* Model */ = {
			isa = PBXGroup;
			children = (
				3F7D206F279BA40A00448E4B /* APIImage.swift */,
				3F9267D32796412300E9FD38 /* Playlist.swift */,
				3F7D2077279BB8DD00448E4B /* Album.swift */,
				3F7D2079279BB8E800448E4B /* User.swift */,
				3F9267D52796413600E9FD38 /* AudioTrack.swift */,
				3F9267D72796413D00E9FD38 /* Artist.swift */,
				3F9267D92796414700E9FD38 /* UserProfile.swift */,
				3F99F0B927979D44009824AF /* AuthResponse.swift */,
				3FACF1AD2799B5B700CBD199 /* SettingsModel.swift */,
				3F7D206D279BA2D500448E4B /* NewReleasesResponse.swift */,
				3F7D2071279BA9B500448E4B /* FeaturedPlayListResponse.swift */,
				3F7D2073279BB20B00448E4B /* RecommendedGenresResponse.swift */,
				3F7D2075279BB6DA00448E4B /* RecommenationsResponse.swift */,
				3FBADEDC27AB71B7008082FA /* AlbumDetailsResponse.swift */,
				3FBADEDE27AB7616008082FA /* PlaylistDetailsResponse.swift */,
				3F2DF71527DFB44800404F10 /* CategoriesResponse.swift */,
				3F2DF71D27E0DDC700404F10 /* SearchResultsResponse.swift */,
				3F2DF71F27E0E17000404F10 /* SearchResult.swift */,
			);
			path = Model;
			sourceTree = "<group>";
		};
		3F9267B027963C7900E9FD38 /* ViewModel */ = {
			isa = PBXGroup;
			children = (
				3F3B6EE3279EE962002B900E /* NewReleasesCellViewModel.swift */,
				3FD5014827A2043E00A2A426 /* FeaturedPlaylistCellViewModel.swift */,
				3FD5014A27A204BC00A2A426 /* RecommendedTrackCellViewModel.swift */,
				3F2DF72D27E13CDE00404F10 /* AlbumCollectionViewCellViewModel.swift */,
				3FB572E627ADA8A60059F51E /* PlaylistHeaderViewViewModel.swift */,
				3F2DF71727DFC5B000404F10 /* CategoryCollectionViewCellViewModel.swift */,
				3F2DF72327E11B1000404F10 /* SearchResultDefaultTableViewCellViewModel.swift */,
				3F2DF72727E1231B00404F10 /* SearchResultSubtitleTableViewCellViewModel.swift */,
			);
			path = ViewModel;
			sourceTree = "<group>";
		};
		3F9267B127963C8400E9FD38 /* Controller */ = {
			isa = PBXGroup;
			children = (
				3F9267BC27963FDB00E9FD38 /* Other */,
				3F9267BB27963FB600E9FD38 /* Core */,
			);
			path = Controller;
			sourceTree = "<group>";
		};
		3F9267B227963C8D00E9FD38 /* Managers */ = {
			isa = PBXGroup;
			children = (
				3F9267CD279640C100E9FD38 /* AuthManager.swift */,
				3F9267CF279640CB00E9FD38 /* APICaller.swift */,
				3F9267D1279640D700E9FD38 /* HapiticsManager.swift */,
			);
			path = Managers;
			sourceTree = "<group>";
		};
		3F9267B327963C9C00E9FD38 /* Resource */ = {
			isa = PBXGroup;
			children = (
				3F9267A3279639F200E9FD38 /* Assets.xcassets */,
				3F92679A279639F000E9FD38 /* AppDelegate.swift */,
				3F92679C279639F000E9FD38 /* SceneDelegate.swift */,
				3F99F0B727976DBA009824AF /* Extensions.swift */,
			);
			path = Resource;
			sourceTree = "<group>";
		};
		3F9267BB27963FB600E9FD38 /* Core */ = {
			isa = PBXGroup;
			children = (
				3F9267B427963F3100E9FD38 /* TabBarViewController.swift */,
				3F92679E279639F000E9FD38 /* HomeViewController.swift */,
				3F9267B627963F7400E9FD38 /* SearchViewController.swift */,
				3F9267B827963F9C00E9FD38 /* LibraryViewController.swift */,
			);
			path = Core;
			sourceTree = "<group>";
		};
		3F9267BC27963FDB00E9FD38 /* Other */ = {
			isa = PBXGroup;
			children = (
				3F9267BD27963FF000E9FD38 /* AuthViewController.swift */,
				3F9267BF27963FFA00E9FD38 /* WelcomeViewController.swift */,
				3F9267C12796400400E9FD38 /* SettingsViewController.swift */,
				3F9267C32796400E00E9FD38 /* ProfileViewController.swift */,
				3F9267C52796401A00E9FD38 /* PlayerViewController.swift */,
				3F9267C72796402800E9FD38 /* PlaylistViewController.swift */,
				3F9267CB2796407700E9FD38 /* SearchResultsViewController.swift */,
				3FBADEDA27AB6C03008082FA /* AlbumViewController.swift */,
				3F2DF71927DFC8DC00404F10 /* CategoryViewController.swift */,
			);
			path = Other;
			sourceTree = "<group>";
		};
		A42E36E5E8DE2DC626B6D1C4 /* Pods */ = {
			isa = PBXGroup;
			children = (
				F3FCE7B5AC913D88B5B4ABF8 /* Pods-Spotify.debug.xcconfig */,
				4159A4875775D1DE2F6001FA /* Pods-Spotify.release.xcconfig */,
			);
			path = Pods;
			sourceTree = "<group>";
		};
/* End PBXGroup section */

/* Begin PBXNativeTarget section */
		3F926796279639F000E9FD38 /* Spotify */ = {
			isa = PBXNativeTarget;
			buildConfigurationList = 3F9267AB279639F200E9FD38 /* Build configuration list for PBXNativeTarget "Spotify" */;
			buildPhases = (
				3E18E44B2E39C3714261E317 /* [CP] Check Pods Manifest.lock */,
				3F926793279639F000E9FD38 /* Sources */,
				3F926794279639F000E9FD38 /* Frameworks */,
				3F926795279639F000E9FD38 /* Resources */,
				4CBC76675C9A3A91805AF1F6 /* [CP] Embed Pods Frameworks */,
			);
			buildRules = (
			);
			dependencies = (
			);
			name = Spotify;
			productName = Spotify;
			productReference = 3F926797279639F000E9FD38 /* Spotify.app */;
			productType = "com.apple.product-type.application";
		};
/* End PBXNativeTarget section */

/* Begin PBXProject section */
		3F92678F279639F000E9FD38 /* Project object */ = {
			isa = PBXProject;
			attributes = {
				BuildIndependentTargetsInParallel = 1;
				LastSwiftUpdateCheck = 1320;
				LastUpgradeCheck = 1320;
				TargetAttributes = {
					3F926796279639F000E9FD38 = {
						CreatedOnToolsVersion = 13.2.1;
					};
				};
			};
			buildConfigurationList = 3F926792279639F000E9FD38 /* Build configuration list for PBXProject "Spotify" */;
			compatibilityVersion = "Xcode 13.0";
			developmentRegion = en;
			hasScannedForEncodings = 0;
			knownRegions = (
				en,
				Base,
			);
			mainGroup = 3F92678E279639F000E9FD38;
			productRefGroup = 3F926798279639F000E9FD38 /* Products */;
			projectDirPath = "";
			projectRoot = "";
			targets = (
				3F926796279639F000E9FD38 /* Spotify */,
			);
		};
/* End PBXProject section */

/* Begin PBXResourcesBuildPhase section */
		3F926795279639F000E9FD38 /* Resources */ = {
			isa = PBXResourcesBuildPhase;
			buildActionMask = 2147483647;
			files = (
				3F9267A7279639F200E9FD38 /* LaunchScreen.storyboard in Resources */,
				3F9267A4279639F200E9FD38 /* Assets.xcassets in Resources */,
			);
			runOnlyForDeploymentPostprocessing = 0;
		};
/* End PBXResourcesBuildPhase section */

/* Begin PBXShellScriptBuildPhase section */
		3E18E44B2E39C3714261E317 /* [CP] Check Pods Manifest.lock */ = {
			isa = PBXShellScriptBuildPhase;
			buildActionMask = 2147483647;
			files = (
			);
			inputFileListPaths = (
			);
			inputPaths = (
				"${PODS_PODFILE_DIR_PATH}/Podfile.lock",
				"${PODS_ROOT}/Manifest.lock",
			);
			name = "[CP] Check Pods Manifest.lock";
			outputFileListPaths = (
			);
			outputPaths = (
				"$(DERIVED_FILE_DIR)/Pods-Spotify-checkManifestLockResult.txt",
			);
			runOnlyForDeploymentPostprocessing = 0;
			shellPath = /bin/sh;
			shellScript = "diff \"${PODS_PODFILE_DIR_PATH}/Podfile.lock\" \"${PODS_ROOT}/Manifest.lock\" > /dev/null\nif [ $? != 0 ] ; then\n    # print error to STDERR\n    echo \"error: The sandbox is not in sync with the Podfile.lock. Run 'pod install' or update your CocoaPods installation.\" >&2\n    exit 1\nfi\n# This output is used by Xcode 'outputs' to avoid re-running this script phase.\necho \"SUCCESS\" > \"${SCRIPT_OUTPUT_FILE_0}\"\n";
			showEnvVarsInLog = 0;
		};
		4CBC76675C9A3A91805AF1F6 /* [CP] Embed Pods Frameworks */ = {
			isa = PBXShellScriptBuildPhase;
			buildActionMask = 2147483647;
			files = (
			);
			inputFileListPaths = (
				"${PODS_ROOT}/Target Support Files/Pods-Spotify/Pods-Spotify-frameworks-${CONFIGURATION}-input-files.xcfilelist",
			);
			name = "[CP] Embed Pods Frameworks";
			outputFileListPaths = (
				"${PODS_ROOT}/Target Support Files/Pods-Spotify/Pods-Spotify-frameworks-${CONFIGURATION}-output-files.xcfilelist",
			);
			runOnlyForDeploymentPostprocessing = 0;
			shellPath = /bin/sh;
			shellScript = "\"${PODS_ROOT}/Target Support Files/Pods-Spotify/Pods-Spotify-frameworks.sh\"\n";
			showEnvVarsInLog = 0;
		};
/* End PBXShellScriptBuildPhase section */

/* Begin PBXSourcesBuildPhase section */
		3F926793279639F000E9FD38 /* Sources */ = {
			isa = PBXSourcesBuildPhase;
			buildActionMask = 2147483647;
			files = (
				3F2DF72827E1231B00404F10 /* SearchResultSubtitleTableViewCellViewModel.swift in Sources */,
				3F9267D2279640D700E9FD38 /* HapiticsManager.swift in Sources */,
				3F9267D42796412300E9FD38 /* Playlist.swift in Sources */,
				3FB572E527ADA29D0059F51E /* PlaylistHeaderCollectionReusableView.swift in Sources */,
				3F7D2078279BB8DE00448E4B /* Album.swift in Sources */,
				3FBADEDB27AB6C03008082FA /* AlbumViewController.swift in Sources */,
				3F7D2072279BA9B500448E4B /* FeaturedPlayListResponse.swift in Sources */,
				3F9267B727963F7400E9FD38 /* SearchViewController.swift in Sources */,
				3F9267CE279640C100E9FD38 /* AuthManager.swift in Sources */,
				3F7D2070279BA40A00448E4B /* APIImage.swift in Sources */,
				3F3B6EE4279EE963002B900E /* NewReleasesCellViewModel.swift in Sources */,
				3F9267C027963FFA00E9FD38 /* WelcomeViewController.swift in Sources */,
				3F7D207A279BB8E800448E4B /* User.swift in Sources */,
				3F2DF72027E0E17000404F10 /* SearchResult.swift in Sources */,
				3F2DF72427E11B1000404F10 /* SearchResultDefaultTableViewCellViewModel.swift in Sources */,
				3F2DF72C27E13B7F00404F10 /* AlbumTrackCollectionViewCell.swift in Sources */,
				3F9267C42796400E00E9FD38 /* ProfileViewController.swift in Sources */,
				3F2DF72227E1159F00404F10 /* SearchResultDefaultTableViewCell.swift in Sources */,
				3F9267B527963F3100E9FD38 /* TabBarViewController.swift in Sources */,
				3F92679F279639F000E9FD38 /* HomeViewController.swift in Sources */,
				3F2259DD279D043500212176 /* FeaturedPlaylistCollectionViewCell.swift in Sources */,
				3FBADEDD27AB71B7008082FA /* AlbumDetailsResponse.swift in Sources */,
				3FD5014B27A204BC00A2A426 /* RecommendedTrackCellViewModel.swift in Sources */,
				3F99F0BA27979D44009824AF /* AuthResponse.swift in Sources */,
				3F7D206E279BA2D500448E4B /* NewReleasesResponse.swift in Sources */,
				3F9267D62796413600E9FD38 /* AudioTrack.swift in Sources */,
				3F9267BE27963FF000E9FD38 /* AuthViewController.swift in Sources */,
				3F2DF72E27E13CDE00404F10 /* AlbumCollectionViewCellViewModel.swift in Sources */,
				3F92679B279639F000E9FD38 /* AppDelegate.swift in Sources */,
				3F2259DB279D041B00212176 /* NewReleaseCollectionViewCell.swift in Sources */,
				3FB572E727ADA8A60059F51E /* PlaylistHeaderViewViewModel.swift in Sources */,
				3F2DF71A27DFC8DC00404F10 /* CategoryViewController.swift in Sources */,
				3FACF1AE2799B5B700CBD199 /* SettingsModel.swift in Sources */,
				3F2DF71827DFC5B000404F10 /* CategoryCollectionViewCellViewModel.swift in Sources */,
				3F2259DF279D045C00212176 /* RecommendedTrackCollectionViewCell.swift in Sources */,
				3F9267CC2796407700E9FD38 /* SearchResultsViewController.swift in Sources */,
				3F01383C27BB51B000982434 /* CategoryCollectionViewCell.swift in Sources */,
				3F2DF72627E1208900404F10 /* SearchResultSubtitleTableViewCell.swift in Sources */,
				3F2DF71E27E0DDC700404F10 /* SearchResultsResponse.swift in Sources */,
				3F9267DA2796414700E9FD38 /* UserProfile.swift in Sources */,
				3F2DF71627DFB44800404F10 /* CategoriesResponse.swift in Sources */,
				3F99F0B827976DBA009824AF /* Extensions.swift in Sources */,
				3FBADEDF27AB7616008082FA /* PlaylistDetailsResponse.swift in Sources */,
				3F9267B927963F9C00E9FD38 /* LibraryViewController.swift in Sources */,
				3F9267D82796413D00E9FD38 /* Artist.swift in Sources */,
				3F9267C82796402800E9FD38 /* PlaylistViewController.swift in Sources */,
				3F7D2076279BB6DA00448E4B /* RecommenationsResponse.swift in Sources */,
				3F92679D279639F000E9FD38 /* SceneDelegate.swift in Sources */,
				3F9267C62796401A00E9FD38 /* PlayerViewController.swift in Sources */,
				3F2DF72A27E12F7100404F10 /* TitleHeaderCollectionReusableView.swift in Sources */,
				3F9267D0279640CB00E9FD38 /* APICaller.swift in Sources */,
				3F9267C22796400400E9FD38 /* SettingsViewController.swift in Sources */,
				3F7D2074279BB20B00448E4B /* RecommendedGenresResponse.swift in Sources */,
				3FD5014927A2043E00A2A426 /* FeaturedPlaylistCellViewModel.swift in Sources */,
			);
			runOnlyForDeploymentPostprocessing = 0;
		};
/* End PBXSourcesBuildPhase section */

/* Begin PBXVariantGroup section */
		3F9267A5279639F200E9FD38 /* LaunchScreen.storyboard */ = {
			isa = PBXVariantGroup;
			children = (
				3F9267A6279639F200E9FD38 /* Base */,
			);
			name = LaunchScreen.storyboard;
			sourceTree = "<group>";
		};
/* End PBXVariantGroup section */

/* Begin XCBuildConfiguration section */
		3F9267A9279639F200E9FD38 /* Debug */ = {
			isa = XCBuildConfiguration;
			buildSettings = {
				ALWAYS_SEARCH_USER_PATHS = NO;
				CLANG_ANALYZER_NONNULL = YES;
				CLANG_ANALYZER_NUMBER_OBJECT_CONVERSION = YES_AGGRESSIVE;
				CLANG_CXX_LANGUAGE_STANDARD = "gnu++17";
				CLANG_CXX_LIBRARY = "libc++";
				CLANG_ENABLE_MODULES = YES;
				CLANG_ENABLE_OBJC_ARC = YES;
				CLANG_ENABLE_OBJC_WEAK = YES;
				CLANG_WARN_BLOCK_CAPTURE_AUTORELEASING = YES;
				CLANG_WARN_BOOL_CONVERSION = YES;
				CLANG_WARN_COMMA = YES;
				CLANG_WARN_CONSTANT_CONVERSION = YES;
				CLANG_WARN_DEPRECATED_OBJC_IMPLEMENTATIONS = YES;
				CLANG_WARN_DIRECT_OBJC_ISA_USAGE = YES_ERROR;
				CLANG_WARN_DOCUMENTATION_COMMENTS = YES;
				CLANG_WARN_EMPTY_BODY = YES;
				CLANG_WARN_ENUM_CONVERSION = YES;
				CLANG_WARN_INFINITE_RECURSION = YES;
				CLANG_WARN_INT_CONVERSION = YES;
				CLANG_WARN_NON_LITERAL_NULL_CONVERSION = YES;
				CLANG_WARN_OBJC_IMPLICIT_RETAIN_SELF = YES;
				CLANG_WARN_OBJC_LITERAL_CONVERSION = YES;
				CLANG_WARN_OBJC_ROOT_CLASS = YES_ERROR;
				CLANG_WARN_QUOTED_INCLUDE_IN_FRAMEWORK_HEADER = YES;
				CLANG_WARN_RANGE_LOOP_ANALYSIS = YES;
				CLANG_WARN_STRICT_PROTOTYPES = YES;
				CLANG_WARN_SUSPICIOUS_MOVE = YES;
				CLANG_WARN_UNGUARDED_AVAILABILITY = YES_AGGRESSIVE;
				CLANG_WARN_UNREACHABLE_CODE = YES;
				CLANG_WARN__DUPLICATE_METHOD_MATCH = YES;
				COPY_PHASE_STRIP = NO;
				DEBUG_INFORMATION_FORMAT = dwarf;
				ENABLE_STRICT_OBJC_MSGSEND = YES;
				ENABLE_TESTABILITY = YES;
				GCC_C_LANGUAGE_STANDARD = gnu11;
				GCC_DYNAMIC_NO_PIC = NO;
				GCC_NO_COMMON_BLOCKS = YES;
				GCC_OPTIMIZATION_LEVEL = 0;
				GCC_PREPROCESSOR_DEFINITIONS = (
					"DEBUG=1",
					"$(inherited)",
				);
				GCC_WARN_64_TO_32_BIT_CONVERSION = YES;
				GCC_WARN_ABOUT_RETURN_TYPE = YES_ERROR;
				GCC_WARN_UNDECLARED_SELECTOR = YES;
				GCC_WARN_UNINITIALIZED_AUTOS = YES_AGGRESSIVE;
				GCC_WARN_UNUSED_FUNCTION = YES;
				GCC_WARN_UNUSED_VARIABLE = YES;
				IPHONEOS_DEPLOYMENT_TARGET = 15.2;
				MTL_ENABLE_DEBUG_INFO = INCLUDE_SOURCE;
				MTL_FAST_MATH = YES;
				ONLY_ACTIVE_ARCH = YES;
				SDKROOT = iphoneos;
				SWIFT_ACTIVE_COMPILATION_CONDITIONS = DEBUG;
				SWIFT_OPTIMIZATION_LEVEL = "-Onone";
			};
			name = Debug;
		};
		3F9267AA279639F200E9FD38 /* Release */ = {
			isa = XCBuildConfiguration;
			buildSettings = {
				ALWAYS_SEARCH_USER_PATHS = NO;
				CLANG_ANALYZER_NONNULL = YES;
				CLANG_ANALYZER_NUMBER_OBJECT_CONVERSION = YES_AGGRESSIVE;
				CLANG_CXX_LANGUAGE_STANDARD = "gnu++17";
				CLANG_CXX_LIBRARY = "libc++";
				CLANG_ENABLE_MODULES = YES;
				CLANG_ENABLE_OBJC_ARC = YES;
				CLANG_ENABLE_OBJC_WEAK = YES;
				CLANG_WARN_BLOCK_CAPTURE_AUTORELEASING = YES;
				CLANG_WARN_BOOL_CONVERSION = YES;
				CLANG_WARN_COMMA = YES;
				CLANG_WARN_CONSTANT_CONVERSION = YES;
				CLANG_WARN_DEPRECATED_OBJC_IMPLEMENTATIONS = YES;
				CLANG_WARN_DIRECT_OBJC_ISA_USAGE = YES_ERROR;
				CLANG_WARN_DOCUMENTATION_COMMENTS = YES;
				CLANG_WARN_EMPTY_BODY = YES;
				CLANG_WARN_ENUM_CONVERSION = YES;
				CLANG_WARN_INFINITE_RECURSION = YES;
				CLANG_WARN_INT_CONVERSION = YES;
				CLANG_WARN_NON_LITERAL_NULL_CONVERSION = YES;
				CLANG_WARN_OBJC_IMPLICIT_RETAIN_SELF = YES;
				CLANG_WARN_OBJC_LITERAL_CONVERSION = YES;
				CLANG_WARN_OBJC_ROOT_CLASS = YES_ERROR;
				CLANG_WARN_QUOTED_INCLUDE_IN_FRAMEWORK_HEADER = YES;
				CLANG_WARN_RANGE_LOOP_ANALYSIS = YES;
				CLANG_WARN_STRICT_PROTOTYPES = YES;
				CLANG_WARN_SUSPICIOUS_MOVE = YES;
				CLANG_WARN_UNGUARDED_AVAILABILITY = YES_AGGRESSIVE;
				CLANG_WARN_UNREACHABLE_CODE = YES;
				CLANG_WARN__DUPLICATE_METHOD_MATCH = YES;
				COPY_PHASE_STRIP = NO;
				DEBUG_INFORMATION_FORMAT = "dwarf-with-dsym";
				ENABLE_NS_ASSERTIONS = NO;
				ENABLE_STRICT_OBJC_MSGSEND = YES;
				GCC_C_LANGUAGE_STANDARD = gnu11;
				GCC_NO_COMMON_BLOCKS = YES;
				GCC_WARN_64_TO_32_BIT_CONVERSION = YES;
				GCC_WARN_ABOUT_RETURN_TYPE = YES_ERROR;
				GCC_WARN_UNDECLARED_SELECTOR = YES;
				GCC_WARN_UNINITIALIZED_AUTOS = YES_AGGRESSIVE;
				GCC_WARN_UNUSED_FUNCTION = YES;
				GCC_WARN_UNUSED_VARIABLE = YES;
				IPHONEOS_DEPLOYMENT_TARGET = 15.2;
				MTL_ENABLE_DEBUG_INFO = NO;
				MTL_FAST_MATH = YES;
				SDKROOT = iphoneos;
				SWIFT_COMPILATION_MODE = wholemodule;
				SWIFT_OPTIMIZATION_LEVEL = "-O";
				VALIDATE_PRODUCT = YES;
			};
			name = Release;
		};
		3F9267AC279639F200E9FD38 /* Debug */ = {
			isa = XCBuildConfiguration;
			baseConfigurationReference = F3FCE7B5AC913D88B5B4ABF8 /* Pods-Spotify.debug.xcconfig */;
			buildSettings = {
				ASSETCATALOG_COMPILER_APPICON_NAME = AppIcon;
				ASSETCATALOG_COMPILER_GLOBAL_ACCENT_COLOR_NAME = AccentColor;
				CODE_SIGN_STYLE = Automatic;
				CURRENT_PROJECT_VERSION = 1;
				GENERATE_INFOPLIST_FILE = YES;
				INFOPLIST_FILE = Spotify/Info.plist;
				INFOPLIST_KEY_UIApplicationSupportsIndirectInputEvents = YES;
				INFOPLIST_KEY_UILaunchStoryboardName = LaunchScreen;
				INFOPLIST_KEY_UISupportedInterfaceOrientations_iPad = "UIInterfaceOrientationPortrait UIInterfaceOrientationPortraitUpsideDown UIInterfaceOrientationLandscapeLeft UIInterfaceOrientationLandscapeRight";
				INFOPLIST_KEY_UISupportedInterfaceOrientations_iPhone = "UIInterfaceOrientationPortrait UIInterfaceOrientationLandscapeLeft UIInterfaceOrientationLandscapeRight";
				LD_RUNPATH_SEARCH_PATHS = (
					"$(inherited)",
					"@executable_path/Frameworks",
				);
				MARKETING_VERSION = 1.0;
				PRODUCT_BUNDLE_IDENTIFIER = br.com.arlesonsilva.Spotify;
				PRODUCT_NAME = "$(TARGET_NAME)";
				SWIFT_EMIT_LOC_STRINGS = YES;
				SWIFT_VERSION = 5.0;
				TARGETED_DEVICE_FAMILY = "1,2";
			};
			name = Debug;
		};
		3F9267AD279639F200E9FD38 /* Release */ = {
			isa = XCBuildConfiguration;
			baseConfigurationReference = 4159A4875775D1DE2F6001FA /* Pods-Spotify.release.xcconfig */;
			buildSettings = {
				ASSETCATALOG_COMPILER_APPICON_NAME = AppIcon;
				ASSETCATALOG_COMPILER_GLOBAL_ACCENT_COLOR_NAME = AccentColor;
				CODE_SIGN_STYLE = Automatic;
				CURRENT_PROJECT_VERSION = 1;
				GENERATE_INFOPLIST_FILE = YES;
				INFOPLIST_FILE = Spotify/Info.plist;
				INFOPLIST_KEY_UIApplicationSupportsIndirectInputEvents = YES;
				INFOPLIST_KEY_UILaunchStoryboardName = LaunchScreen;
				INFOPLIST_KEY_UISupportedInterfaceOrientations_iPad = "UIInterfaceOrientationPortrait UIInterfaceOrientationPortraitUpsideDown UIInterfaceOrientationLandscapeLeft UIInterfaceOrientationLandscapeRight";
				INFOPLIST_KEY_UISupportedInterfaceOrientations_iPhone = "UIInterfaceOrientationPortrait UIInterfaceOrientationLandscapeLeft UIInterfaceOrientationLandscapeRight";
				LD_RUNPATH_SEARCH_PATHS = (
					"$(inherited)",
					"@executable_path/Frameworks",
				);
				MARKETING_VERSION = 1.0;
				PRODUCT_BUNDLE_IDENTIFIER = br.com.arlesonsilva.Spotify;
				PRODUCT_NAME = "$(TARGET_NAME)";
				SWIFT_EMIT_LOC_STRINGS = YES;
				SWIFT_VERSION = 5.0;
				TARGETED_DEVICE_FAMILY = "1,2";
			};
			name = Release;
		};
/* End XCBuildConfiguration section */

/* Begin XCConfigurationList section */
		3F926792279639F000E9FD38 /* Build configuration list for PBXProject "Spotify" */ = {
			isa = XCConfigurationList;
			buildConfigurations = (
				3F9267A9279639F200E9FD38 /* Debug */,
				3F9267AA279639F200E9FD38 /* Release */,
			);
			defaultConfigurationIsVisible = 0;
			defaultConfigurationName = Release;
		};
		3F9267AB279639F200E9FD38 /* Build configuration list for PBXNativeTarget "Spotify" */ = {
			isa = XCConfigurationList;
			buildConfigurations = (
				3F9267AC279639F200E9FD38 /* Debug */,
				3F9267AD279639F200E9FD38 /* Release */,
			);
			defaultConfigurationIsVisible = 0;
			defaultConfigurationName = Release;
		};
/* End XCConfigurationList section */
	};
	rootObject = 3F92678F279639F000E9FD38 /* Project object */;
}
